// !$*UTF8*$!
{
	archiveVersion = 1;
	classes = {
	};
	objectVersion = 55;
	objects = {

/* Begin PBXBuildFile section */
		50CA0CC427CD4C4D00932C56 /* AppDelegate.swift in Sources */ = {isa = PBXBuildFile; fileRef = 50CA0CC327CD4C4D00932C56 /* AppDelegate.swift */; };
		50CA0CC627CD4C4D00932C56 /* SceneDelegate.swift in Sources */ = {isa = PBXBuildFile; fileRef = 50CA0CC527CD4C4D00932C56 /* SceneDelegate.swift */; };
		50CA0CC827CD4C4D00932C56 /* ViewController.swift in Sources */ = {isa = PBXBuildFile; fileRef = 50CA0CC727CD4C4D00932C56 /* ViewController.swift */; };
		50CA0CCB27CD4C4D00932C56 /* Main.storyboard in Resources */ = {isa = PBXBuildFile; fileRef = 50CA0CC927CD4C4D00932C56 /* Main.storyboard */; };
		50CA0CCD27CD4C4E00932C56 /* Assets.xcassets in Resources */ = {isa = PBXBuildFile; fileRef = 50CA0CCC27CD4C4E00932C56 /* Assets.xcassets */; };
		50CA0CD027CD4C4E00932C56 /* LaunchScreen.storyboard in Resources */ = {isa = PBXBuildFile; fileRef = 50CA0CCE27CD4C4E00932C56 /* LaunchScreen.storyboard */; };
		50CA0CDB27CD4C4E00932C56 /* NewsReaderTests.swift in Sources */ = {isa = PBXBuildFile; fileRef = 50CA0CDA27CD4C4E00932C56 /* NewsReaderTests.swift */; };
		50CA0CE527CD4C4E00932C56 /* NewsReaderUITests.swift in Sources */ = {isa = PBXBuildFile; fileRef = 50CA0CE427CD4C4E00932C56 /* NewsReaderUITests.swift */; };
		50CA0CE727CD4C4E00932C56 /* NewsReaderUITestsLaunchTests.swift in Sources */ = {isa = PBXBuildFile; fileRef = 50CA0CE627CD4C4E00932C56 /* NewsReaderUITestsLaunchTests.swift */; };
/* End PBXBuildFile section */

/* Begin PBXContainerItemProxy section */
		50CA0CD727CD4C4E00932C56 /* PBXContainerItemProxy */ = {
			isa = PBXContainerItemProxy;
			containerPortal = 50CA0CB827CD4C4D00932C56 /* Project object */;
			proxyType = 1;
			remoteGlobalIDString = 50CA0CBF27CD4C4D00932C56;
			remoteInfo = NewsReader;
		};
		50CA0CE127CD4C4E00932C56 /* PBXContainerItemProxy */ = {
			isa = PBXContainerItemProxy;
			containerPortal = 50CA0CB827CD4C4D00932C56 /* Project object */;
			proxyType = 1;
			remoteGlobalIDString = 50CA0CBF27CD4C4D00932C56;
			remoteInfo = NewsReader;
		};
/* End PBXContainerItemProxy section */

/* Begin PBXFileReference section */
		50CA0CC027CD4C4D00932C56 /* NewsReader.app */ = {isa = PBXFileReference; explicitFileType = wrapper.application; includeInIndex = 0; path = NewsReader.app; sourceTree = BUILT_PRODUCTS_DIR; };
		50CA0CC327CD4C4D00932C56 /* AppDelegate.swift */ = {isa = PBXFileReference; lastKnownFileType = sourcecode.swift; path = AppDelegate.swift; sourceTree = "<group>"; };
		50CA0CC527CD4C4D00932C56 /* SceneDelegate.swift */ = {isa = PBXFileReference; lastKnownFileType = sourcecode.swift; path = SceneDelegate.swift; sourceTree = "<group>"; };
		50CA0CC727CD4C4D00932C56 /* ViewController.swift */ = {isa = PBXFileReference; lastKnownFileType = sourcecode.swift; path = ViewController.swift; sourceTree = "<group>"; };
		50CA0CCA27CD4C4D00932C56 /* Base */ = {isa = PBXFileReference; lastKnownFileType = file.storyboard; name = Base; path = Base.lproj/Main.storyboard; sourceTree = "<group>"; };
		50CA0CCC27CD4C4E00932C56 /* Assets.xcassets */ = {isa = PBXFileReference; lastKnownFileType = folder.assetcatalog; path = Assets.xcassets; sourceTree = "<group>"; };
		50CA0CCF27CD4C4E00932C56 /* Base */ = {isa = PBXFileReference; lastKnownFileType = file.storyboard; name = Base; path = Base.lproj/LaunchScreen.storyboard; sourceTree = "<group>"; };
		50CA0CD127CD4C4E00932C56 /* Info.plist */ = {isa = PBXFileReference; lastKnownFileType = text.plist.xml; path = Info.plist; sourceTree = "<group>"; };
		50CA0CD627CD4C4E00932C56 /* NewsReaderTests.xctest */ = {isa = PBXFileReference; explicitFileType = wrapper.cfbundle; includeInIndex = 0; path = NewsReaderTests.xctest; sourceTree = BUILT_PRODUCTS_DIR; };
		50CA0CDA27CD4C4E00932C56 /* NewsReaderTests.swift */ = {isa = PBXFileReference; lastKnownFileType = sourcecode.swift; path = NewsReaderTests.swift; sourceTree = "<group>"; };
		50CA0CE027CD4C4E00932C56 /* NewsReaderUITests.xctest */ = {isa = PBXFileReference; explicitFileType = wrapper.cfbundle; includeInIndex = 0; path = NewsReaderUITests.xctest; sourceTree = BUILT_PRODUCTS_DIR; };
		50CA0CE427CD4C4E00932C56 /* NewsReaderUITests.swift */ = {isa = PBXFileReference; lastKnownFileType = sourcecode.swift; path = NewsReaderUITests.swift; sourceTree = "<group>"; };
		50CA0CE627CD4C4E00932C56 /* NewsReaderUITestsLaunchTests.swift */ = {isa = PBXFileReference; lastKnownFileType = sourcecode.swift; path = NewsReaderUITestsLaunchTests.swift; sourceTree = "<group>"; };
/* End PBXFileReference section */

/* Begin PBXFrameworksBuildPhase section */
		50CA0CBD27CD4C4D00932C56 /* Frameworks */ = {
			isa = PBXFrameworksBuildPhase;
			buildActionMask = 2147483647;
			files = (
			);
			runOnlyForDeploymentPostprocessing = 0;
		};
		50CA0CD327CD4C4E00932C56 /* Frameworks */ = {
			isa = PBXFrameworksBuildPhase;
			buildActionMask = 2147483647;
			files = (
			);
			runOnlyForDeploymentPostprocessing = 0;
		};
		50CA0CDD27CD4C4E00932C56 /* Frameworks */ = {
			isa = PBXFrameworksBuildPhase;
			buildActionMask = 2147483647;
			files = (
			);
			runOnlyForDeploymentPostprocessing = 0;
		};
/* End PBXFrameworksBuildPhase section */

/* Begin PBXGroup section */
		50CA0CB727CD4C4D00932C56 = {
			isa = PBXGroup;
			children = (
				50CA0CC227CD4C4D00932C56 /* NewsReader */,
				50CA0CD927CD4C4E00932C56 /* NewsReaderTests */,
				50CA0CE327CD4C4E00932C56 /* NewsReaderUITests */,
				50CA0CC127CD4C4D00932C56 /* Products */,
			);
			sourceTree = "<group>";
		};
		50CA0CC127CD4C4D00932C56 /* Products */ = {
			isa = PBXGroup;
			children = (
				50CA0CC027CD4C4D00932C56 /* NewsReader.app */,
				50CA0CD627CD4C4E00932C56 /* NewsReaderTests.xctest */,
				50CA0CE027CD4C4E00932C56 /* NewsReaderUITests.xctest */,
			);
			name = Products;
			sourceTree = "<group>";
		};
		50CA0CC227CD4C4D00932C56 /* NewsReader */ = {
			isa = PBXGroup;
			children = (
				50CA0CC327CD4C4D00932C56 /* AppDelegate.swift */,
				50CA0CC527CD4C4D00932C56 /* SceneDelegate.swift */,
				50CA0CC727CD4C4D00932C56 /* ViewController.swift */,
				50CA0CC927CD4C4D00932C56 /* Main.storyboard */,
				50CA0CCC27CD4C4E00932C56 /* Assets.xcassets */,
				50CA0CCE27CD4C4E00932C56 /* LaunchScreen.storyboard */,
				50CA0CD127CD4C4E00932C56 /* Info.plist */,
			);
			path = NewsReader;
			sourceTree = "<group>";
		};
		50CA0CD927CD4C4E00932C56 /* NewsReaderTests */ = {
			isa = PBXGroup;
			children = (
				50CA0CDA27CD4C4E00932C56 /* NewsReaderTests.swift */,
			);
			path = NewsReaderTests;
			sourceTree = "<group>";
		};
		50CA0CE327CD4C4E00932C56 /* NewsReaderUITests */ = {
			isa = PBXGroup;
			children = (
				50CA0CE427CD4C4E00932C56 /* NewsReaderUITests.swift */,
				50CA0CE627CD4C4E00932C56 /* NewsReaderUITestsLaunchTests.swift */,
			);
			path = NewsReaderUITests;
			sourceTree = "<group>";
		};
/* End PBXGroup section */

/* Begin PBXNativeTarget section */
		50CA0CBF27CD4C4D00932C56 /* NewsReader */ = {
			isa = PBXNativeTarget;
			buildConfigurationList = 50CA0CEA27CD4C4E00932C56 /* Build configuration list for PBXNativeTarget "NewsReader" */;
			buildPhases = (
				50CA0CBC27CD4C4D00932C56 /* Sources */,
				50CA0CBD27CD4C4D00932C56 /* Frameworks */,
				50CA0CBE27CD4C4D00932C56 /* Resources */,
			);
			buildRules = (
			);
			dependencies = (
			);
			name = NewsReader;
			productName = NewsReader;
			productReference = 50CA0CC027CD4C4D00932C56 /* NewsReader.app */;
			productType = "com.apple.product-type.application";
		};
		50CA0CD527CD4C4E00932C56 /* NewsReaderTests */ = {
			isa = PBXNativeTarget;
			buildConfigurationList = 50CA0CED27CD4C4E00932C56 /* Build configuration list for PBXNativeTarget "NewsReaderTests" */;
			buildPhases = (
				50CA0CD227CD4C4E00932C56 /* Sources */,
				50CA0CD327CD4C4E00932C56 /* Frameworks */,
				50CA0CD427CD4C4E00932C56 /* Resources */,
			);
			buildRules = (
			);
			dependencies = (
				50CA0CD827CD4C4E00932C56 /* PBXTargetDependency */,
			);
			name = NewsReaderTests;
			productName = NewsReaderTests;
			productReference = 50CA0CD627CD4C4E00932C56 /* NewsReaderTests.xctest */;
			productType = "com.apple.product-type.bundle.unit-test";
		};
		50CA0CDF27CD4C4E00932C56 /* NewsReaderUITests */ = {
			isa = PBXNativeTarget;
			buildConfigurationList = 50CA0CF027CD4C4E00932C56 /* Build configuration list for PBXNativeTarget "NewsReaderUITests" */;
			buildPhases = (
				50CA0CDC27CD4C4E00932C56 /* Sources */,
				50CA0CDD27CD4C4E00932C56 /* Frameworks */,
				50CA0CDE27CD4C4E00932C56 /* Resources */,
			);
			buildRules = (
			);
			dependencies = (
				50CA0CE227CD4C4E00932C56 /* PBXTargetDependency */,
			);
			name = NewsReaderUITests;
			productName = NewsReaderUITests;
			productReference = 50CA0CE027CD4C4E00932C56 /* NewsReaderUITests.xctest */;
			productType = "com.apple.product-type.bundle.ui-testing";
		};
/* End PBXNativeTarget section */

/* Begin PBXProject section */
		50CA0CB827CD4C4D00932C56 /* Project object */ = {
			isa = PBXProject;
			attributes = {
				BuildIndependentTargetsInParallel = 1;
				LastSwiftUpdateCheck = 1320;
				LastUpgradeCheck = 1320;
				TargetAttributes = {
					50CA0CBF27CD4C4D00932C56 = {
						CreatedOnToolsVersion = 13.2.1;
					};
					50CA0CD527CD4C4E00932C56 = {
						CreatedOnToolsVersion = 13.2.1;
						TestTargetID = 50CA0CBF27CD4C4D00932C56;
					};
					50CA0CDF27CD4C4E00932C56 = {
						CreatedOnToolsVersion = 13.2.1;
						TestTargetID = 50CA0CBF27CD4C4D00932C56;
					};
				};
			};
			buildConfigurationList = 50CA0CBB27CD4C4D00932C56 /* Build configuration list for PBXProject "NewsReader" */;
			compatibilityVersion = "Xcode 13.0";
			developmentRegion = en;
			hasScannedForEncodings = 0;
			knownRegions = (
				en,
				Base,
			);
			mainGroup = 50CA0CB727CD4C4D00932C56;
			productRefGroup = 50CA0CC127CD4C4D00932C56 /* Products */;
			projectDirPath = "";
			projectRoot = "";
			targets = (
				50CA0CBF27CD4C4D00932C56 /* NewsReader */,
				50CA0CD527CD4C4E00932C56 /* NewsReaderTests */,
				50CA0CDF27CD4C4E00932C56 /* NewsReaderUITests */,
			);
		};
/* End PBXProject section */

/* Begin PBXResourcesBuildPhase section */
		50CA0CBE27CD4C4D00932C56 /* Resources */ = {
			isa = PBXResourcesBuildPhase;
			buildActionMask = 2147483647;
			files = (
				50CA0CD027CD4C4E00932C56 /* LaunchScreen.storyboard in Resources */,
				50CA0CCD27CD4C4E00932C56 /* Assets.xcassets in Resources */,
				50CA0CCB27CD4C4D00932C56 /* Main.storyboard in Resources */,
			);
			runOnlyForDeploymentPostprocessing = 0;
		};
		50CA0CD427CD4C4E00932C56 /* Resources */ = {
			isa = PBXResourcesBuildPhase;
			buildActionMask = 2147483647;
			files = (
			);
			runOnlyForDeploymentPostprocessing = 0;
		};
		50CA0CDE27CD4C4E00932C56 /* Resources */ = {
			isa = PBXResourcesBuildPhase;
			buildActionMask = 2147483647;
			files = (
			);
			runOnlyForDeploymentPostprocessing = 0;
		};
/* End PBXResourcesBuildPhase section */

/* Begin PBXSourcesBuildPhase section */
		50CA0CBC27CD4C4D00932C56 /* Sources */ = {
			isa = PBXSourcesBuildPhase;
			buildActionMask = 2147483647;
			files = (
				50CA0CC827CD4C4D00932C56 /* ViewController.swift in Sources */,
				50CA0CC427CD4C4D00932C56 /* AppDelegate.swift in Sources */,
				50CA0CC627CD4C4D00932C56 /* SceneDelegate.swift in Sources */,
			);
			runOnlyForDeploymentPostprocessing = 0;
		};
		50CA0CD227CD4C4E00932C56 /* Sources */ = {
			isa = PBXSourcesBuildPhase;
			buildActionMask = 2147483647;
			files = (
				50CA0CDB27CD4C4E00932C56 /* NewsReaderTests.swift in Sources */,
			);
			runOnlyForDeploymentPostprocessing = 0;
		};
		50CA0CDC27CD4C4E00932C56 /* Sources */ = {
			isa = PBXSourcesBuildPhase;
			buildActionMask = 2147483647;
			files = (
				50CA0CE727CD4C4E00932C56 /* NewsReaderUITestsLaunchTests.swift in Sources */,
				50CA0CE527CD4C4E00932C56 /* NewsReaderUITests.swift in Sources */,
			);
			runOnlyForDeploymentPostprocessing = 0;
		};
/* End PBXSourcesBuildPhase section */

/* Begin PBXTargetDependency section */
		50CA0CD827CD4C4E00932C56 /* PBXTargetDependency */ = {
			isa = PBXTargetDependency;
			target = 50CA0CBF27CD4C4D00932C56 /* NewsReader */;
			targetProxy = 50CA0CD727CD4C4E00932C56 /* PBXContainerItemProxy */;
		};
		50CA0CE227CD4C4E00932C56 /* PBXTargetDependency */ = {
			isa = PBXTargetDependency;
			target = 50CA0CBF27CD4C4D00932C56 /* NewsReader */;
			targetProxy = 50CA0CE127CD4C4E00932C56 /* PBXContainerItemProxy */;
		};
/* End PBXTargetDependency section */

/* Begin PBXVariantGroup section */
		50CA0CC927CD4C4D00932C56 /* Main.storyboard */ = {
			isa = PBXVariantGroup;
			children = (
				50CA0CCA27CD4C4D00932C56 /* Base */,
			);
			name = Main.storyboard;
			sourceTree = "<group>";
		};
		50CA0CCE27CD4C4E00932C56 /* LaunchScreen.storyboard */ = {
			isa = PBXVariantGroup;
			children = (
				50CA0CCF27CD4C4E00932C56 /* Base */,
			);
			name = LaunchScreen.storyboard;
			sourceTree = "<group>";
		};
/* End PBXVariantGroup section */

/* Begin XCBuildConfiguration section */
		50CA0CE827CD4C4E00932C56 /* Debug */ = {
			isa = XCBuildConfiguration;
			buildSettings = {
				ALWAYS_SEARCH_USER_PATHS = NO;
				CLANG_ANALYZER_NONNULL = YES;
				CLANG_ANALYZER_NUMBER_OBJECT_CONVERSION = YES_AGGRESSIVE;
				CLANG_CXX_LANGUAGE_STANDARD = "gnu++17";
				CLANG_CXX_LIBRARY = "libc++";
				CLANG_ENABLE_MODULES = YES;
				CLANG_ENABLE_OBJC_ARC = YES;
				CLANG_ENABLE_OBJC_WEAK = YES;
				CLANG_WARN_BLOCK_CAPTURE_AUTORELEASING = YES;
				CLANG_WARN_BOOL_CONVERSION = YES;
				CLANG_WARN_COMMA = YES;
				CLANG_WARN_CONSTANT_CONVERSION = YES;
				CLANG_WARN_DEPRECATED_OBJC_IMPLEMENTATIONS = YES;
				CLANG_WARN_DIRECT_OBJC_ISA_USAGE = YES_ERROR;
				CLANG_WARN_DOCUMENTATION_COMMENTS = YES;
				CLANG_WARN_EMPTY_BODY = YES;
				CLANG_WARN_ENUM_CONVERSION = YES;
				CLANG_WARN_INFINITE_RECURSION = YES;
				CLANG_WARN_INT_CONVERSION = YES;
				CLANG_WARN_NON_LITERAL_NULL_CONVERSION = YES;
				CLANG_WARN_OBJC_IMPLICIT_RETAIN_SELF = YES;
				CLANG_WARN_OBJC_LITERAL_CONVERSION = YES;
				CLANG_WARN_OBJC_ROOT_CLASS = YES_ERROR;
				CLANG_WARN_QUOTED_INCLUDE_IN_FRAMEWORK_HEADER = YES;
				CLANG_WARN_RANGE_LOOP_ANALYSIS = YES;
				CLANG_WARN_STRICT_PROTOTYPES = YES;
				CLANG_WARN_SUSPICIOUS_MOVE = YES;
				CLANG_WARN_UNGUARDED_AVAILABILITY = YES_AGGRESSIVE;
				CLANG_WARN_UNREACHABLE_CODE = YES;
				CLANG_WARN__DUPLICATE_METHOD_MATCH = YES;
				COPY_PHASE_STRIP = NO;
				DEBUG_INFORMATION_FORMAT = dwarf;
				ENABLE_STRICT_OBJC_MSGSEND = YES;
				ENABLE_TESTABILITY = YES;
				GCC_C_LANGUAGE_STANDARD = gnu11;
				GCC_DYNAMIC_NO_PIC = NO;
				GCC_NO_COMMON_BLOCKS = YES;
				GCC_OPTIMIZATION_LEVEL = 0;
				GCC_PREPROCESSOR_DEFINITIONS = (
					"DEBUG=1",
					"$(inherited)",
				);
				GCC_WARN_64_TO_32_BIT_CONVERSION = YES;
				GCC_WARN_ABOUT_RETURN_TYPE = YES_ERROR;
				GCC_WARN_UNDECLARED_SELECTOR = YES;
				GCC_WARN_UNINITIALIZED_AUTOS = YES_AGGRESSIVE;
				GCC_WARN_UNUSED_FUNCTION = YES;
				GCC_WARN_UNUSED_VARIABLE = YES;
				IPHONEOS_DEPLOYMENT_TARGET = 15.2;
				MTL_ENABLE_DEBUG_INFO = INCLUDE_SOURCE;
				MTL_FAST_MATH = YES;
				ONLY_ACTIVE_ARCH = YES;
				SDKROOT = iphoneos;
				SWIFT_ACTIVE_COMPILATION_CONDITIONS = DEBUG;
				SWIFT_OPTIMIZATION_LEVEL = "-Onone";
			};
			name = Debug;
		};
		50CA0CE927CD4C4E00932C56 /* Release */ = {
			isa = XCBuildConfiguration;
			buildSettings = {
				ALWAYS_SEARCH_USER_PATHS = NO;
				CLANG_ANALYZER_NONNULL = YES;
				CLANG_ANALYZER_NUMBER_OBJECT_CONVERSION = YES_AGGRESSIVE;
				CLANG_CXX_LANGUAGE_STANDARD = "gnu++17";
				CLANG_CXX_LIBRARY = "libc++";
				CLANG_ENABLE_MODULES = YES;
				CLANG_ENABLE_OBJC_ARC = YES;
				CLANG_ENABLE_OBJC_WEAK = YES;
				CLANG_WARN_BLOCK_CAPTURE_AUTORELEASING = YES;
				CLANG_WARN_BOOL_CONVERSION = YES;
				CLANG_WARN_COMMA = YES;
				CLANG_WARN_CONSTANT_CONVERSION = YES;
				CLANG_WARN_DEPRECATED_OBJC_IMPLEMENTATIONS = YES;
				CLANG_WARN_DIRECT_OBJC_ISA_USAGE = YES_ERROR;
				CLANG_WARN_DOCUMENTATION_COMMENTS = YES;
				CLANG_WARN_EMPTY_BODY = YES;
				CLANG_WARN_ENUM_CONVERSION = YES;
				CLANG_WARN_INFINITE_RECURSION = YES;
				CLANG_WARN_INT_CONVERSION = YES;
				CLANG_WARN_NON_LITERAL_NULL_CONVERSION = YES;
				CLANG_WARN_OBJC_IMPLICIT_RETAIN_SELF = YES;
				CLANG_WARN_OBJC_LITERAL_CONVERSION = YES;
				CLANG_WARN_OBJC_ROOT_CLASS = YES_ERROR;
				CLANG_WARN_QUOTED_INCLUDE_IN_FRAMEWORK_HEADER = YES;
				CLANG_WARN_RANGE_LOOP_ANALYSIS = YES;
				CLANG_WARN_STRICT_PROTOTYPES = YES;
				CLANG_WARN_SUSPICIOUS_MOVE = YES;
				CLANG_WARN_UNGUARDED_AVAILABILITY = YES_AGGRESSIVE;
				CLANG_WARN_UNREACHABLE_CODE = YES;
				CLANG_WARN__DUPLICATE_METHOD_MATCH = YES;
				COPY_PHASE_STRIP = NO;
				DEBUG_INFORMATION_FORMAT = "dwarf-with-dsym";
				ENABLE_NS_ASSERTIONS = NO;
				ENABLE_STRICT_OBJC_MSGSEND = YES;
				GCC_C_LANGUAGE_STANDARD = gnu11;
				GCC_NO_COMMON_BLOCKS = YES;
				GCC_WARN_64_TO_32_BIT_CONVERSION = YES;
				GCC_WARN_ABOUT_RETURN_TYPE = YES_ERROR;
				GCC_WARN_UNDECLARED_SELECTOR = YES;
				GCC_WARN_UNINITIALIZED_AUTOS = YES_AGGRESSIVE;
				GCC_WARN_UNUSED_FUNCTION = YES;
				GCC_WARN_UNUSED_VARIABLE = YES;
				IPHONEOS_DEPLOYMENT_TARGET = 15.2;
				MTL_ENABLE_DEBUG_INFO = NO;
				MTL_FAST_MATH = YES;
				SDKROOT = iphoneos;
				SWIFT_COMPILATION_MODE = wholemodule;
				SWIFT_OPTIMIZATION_LEVEL = "-O";
				VALIDATE_PRODUCT = YES;
			};
			name = Release;
		};
		50CA0CEB27CD4C4E00932C56 /* Debug */ = {
			isa = XCBuildConfiguration;
			buildSettings = {
				ASSETCATALOG_COMPILER_APPICON_NAME = AppIcon;
				ASSETCATALOG_COMPILER_GLOBAL_ACCENT_COLOR_NAME = AccentColor;
				CODE_SIGN_STYLE = Automatic;
				CURRENT_PROJECT_VERSION = 1;
				GENERATE_INFOPLIST_FILE = YES;
				INFOPLIST_FILE = NewsReader/Info.plist;
				INFOPLIST_KEY_UIApplicationSupportsIndirectInputEvents = YES;
				INFOPLIST_KEY_UILaunchStoryboardName = LaunchScreen;
				INFOPLIST_KEY_UIMainStoryboardFile = Main;
				INFOPLIST_KEY_UISupportedInterfaceOrientations_iPad = "UIInterfaceOrientationPortrait UIInterfaceOrientationPortraitUpsideDown UIInterfaceOrientationLandscapeLeft UIInterfaceOrientationLandscapeRight";
				INFOPLIST_KEY_UISupportedInterfaceOrientations_iPhone = "UIInterfaceOrientationPortrait UIInterfaceOrientationLandscapeLeft UIInterfaceOrientationLandscapeRight";
				LD_RUNPATH_SEARCH_PATHS = (
					"$(inherited)",
					"@executable_path/Frameworks",
				);
				MARKETING_VERSION = 1.0;
				PRODUCT_BUNDLE_IDENTIFIER = com.news.NewsReader;
				PRODUCT_NAME = "$(TARGET_NAME)";
				SWIFT_EMIT_LOC_STRINGS = YES;
				SWIFT_VERSION = 5.0;
				TARGETED_DEVICE_FAMILY = "1,2";
			};
			name = Debug;
		};
		50CA0CEC27CD4C4E00932C56 /* Release */ = {
			isa = XCBuildConfiguration;
			buildSettings = {
				ASSETCATALOG_COMPILER_APPICON_NAME = AppIcon;
				ASSETCATALOG_COMPILER_GLOBAL_ACCENT_COLOR_NAME = AccentColor;
				CODE_SIGN_STYLE = Automatic;
				CURRENT_PROJECT_VERSION = 1;
				GENERATE_INFOPLIST_FILE = YES;
				INFOPLIST_FILE = NewsReader/Info.plist;
				INFOPLIST_KEY_UIApplicationSupportsIndirectInputEvents = YES;
				INFOPLIST_KEY_UILaunchStoryboardName = LaunchScreen;
				INFOPLIST_KEY_UIMainStoryboardFile = Main;
				INFOPLIST_KEY_UISupportedInterfaceOrientations_iPad = "UIInterfaceOrientationPortrait UIInterfaceOrientationPortraitUpsideDown UIInterfaceOrientationLandscapeLeft UIInterfaceOrientationLandscapeRight";
				INFOPLIST_KEY_UISupportedInterfaceOrientations_iPhone = "UIInterfaceOrientationPortrait UIInterfaceOrientationLandscapeLeft UIInterfaceOrientationLandscapeRight";
				LD_RUNPATH_SEARCH_PATHS = (
					"$(inherited)",
					"@executable_path/Frameworks",
				);
				MARKETING_VERSION = 1.0;
				PRODUCT_BUNDLE_IDENTIFIER = com.news.NewsReader;
				PRODUCT_NAME = "$(TARGET_NAME)";
				SWIFT_EMIT_LOC_STRINGS = YES;
				SWIFT_VERSION = 5.0;
				TARGETED_DEVICE_FAMILY = "1,2";
			};
			name = Release;
		};
		50CA0CEE27CD4C4E00932C56 /* Debug */ = {
			isa = XCBuildConfiguration;
			buildSettings = {
				ALWAYS_EMBED_SWIFT_STANDARD_LIBRARIES = YES;
				BUNDLE_LOADER = "$(TEST_HOST)";
				CODE_SIGN_STYLE = Automatic;
				CURRENT_PROJECT_VERSION = 1;
				GENERATE_INFOPLIST_FILE = YES;
				IPHONEOS_DEPLOYMENT_TARGET = 15.2;
				MARKETING_VERSION = 1.0;
				PRODUCT_BUNDLE_IDENTIFIER = com.news.NewsReaderTests;
				PRODUCT_NAME = "$(TARGET_NAME)";
				SWIFT_EMIT_LOC_STRINGS = NO;
				SWIFT_VERSION = 5.0;
				TARGETED_DEVICE_FAMILY = "1,2";
				TEST_HOST = "$(BUILT_PRODUCTS_DIR)/NewsReader.app/NewsReader";
			};
			name = Debug;
		};
		50CA0CEF27CD4C4E00932C56 /* Release */ = {
			isa = XCBuildConfiguration;
			buildSettings = {
				ALWAYS_EMBED_SWIFT_STANDARD_LIBRARIES = YES;
				BUNDLE_LOADER = "$(TEST_HOST)";
				CODE_SIGN_STYLE = Automatic;
				CURRENT_PROJECT_VERSION = 1;
				GENERATE_INFOPLIST_FILE = YES;
				IPHONEOS_DEPLOYMENT_TARGET = 15.2;
				MARKETING_VERSION = 1.0;
				PRODUCT_BUNDLE_IDENTIFIER = com.news.NewsReaderTests;
				PRODUCT_NAME = "$(TARGET_NAME)";
				SWIFT_EMIT_LOC_STRINGS = NO;
				SWIFT_VERSION = 5.0;
				TARGETED_DEVICE_FAMILY = "1,2";
				TEST_HOST = "$(BUILT_PRODUCTS_DIR)/NewsReader.app/NewsReader";
			};
			name = Release;
		};
		50CA0CF127CD4C4E00932C56 /* Debug */ = {
			isa = XCBuildConfiguration;
			buildSettings = {
				ALWAYS_EMBED_SWIFT_STANDARD_LIBRARIES = YES;
				CODE_SIGN_STYLE = Automatic;
				CURRENT_PROJECT_VERSION = 1;
				GENERATE_INFOPLIST_FILE = YES;
				MARKETING_VERSION = 1.0;
				PRODUCT_BUNDLE_IDENTIFIER = com.news.NewsReaderUITests;
				PRODUCT_NAME = "$(TARGET_NAME)";
				SWIFT_EMIT_LOC_STRINGS = NO;
				SWIFT_VERSION = 5.0;
				TARGETED_DEVICE_FAMILY = "1,2";
				TEST_TARGET_NAME = NewsReader;
			};
			name = Debug;
		};
		50CA0CF227CD4C4E00932C56 /* Release */ = {
			isa = XCBuildConfiguration;
			buildSettings = {
				ALWAYS_EMBED_SWIFT_STANDARD_LIBRARIES = YES;
				CODE_SIGN_STYLE = Automatic;
				CURRENT_PROJECT_VERSION = 1;
				GENERATE_INFOPLIST_FILE = YES;
				MARKETING_VERSION = 1.0;
				PRODUCT_BUNDLE_IDENTIFIER = com.news.NewsReaderUITests;
				PRODUCT_NAME = "$(TARGET_NAME)";
				SWIFT_EMIT_LOC_STRINGS = NO;
				SWIFT_VERSION = 5.0;
				TARGETED_DEVICE_FAMILY = "1,2";
				TEST_TARGET_NAME = NewsReader;
			};
			name = Release;
		};
/* End XCBuildConfiguration section */

/* Begin XCConfigurationList section */
		50CA0CBB27CD4C4D00932C56 /* Build configuration list for PBXProject "NewsReader" */ = {
			isa = XCConfigurationList;
			buildConfigurations = (
				50CA0CE827CD4C4E00932C56 /* Debug */,
				50CA0CE927CD4C4E00932C56 /* Release */,
			);
			defaultConfigurationIsVisible = 0;
			defaultConfigurationName = Release;
		};
		50CA0CEA27CD4C4E00932C56 /* Build configuration list for PBXNativeTarget "NewsReader" */ = {
			isa = XCConfigurationList;
			buildConfigurations = (
				50CA0CEB27CD4C4E00932C56 /* Debug */,
				50CA0CEC27CD4C4E00932C56 /* Release */,
			);
			defaultConfigurationIsVisible = 0;
			defaultConfigurationName = Release;
		};
		50CA0CED27CD4C4E00932C56 /* Build configuration list for PBXNativeTarget "NewsReaderTests" */ = {
			isa = XCConfigurationList;
			buildConfigurations = (
				50CA0CEE27CD4C4E00932C56 /* Debug */,
				50CA0CEF27CD4C4E00932C56 /* Release */,
			);
			defaultConfigurationIsVisible = 0;
			defaultConfigurationName = Release;
		};
		50CA0CF027CD4C4E00932C56 /* Build configuration list for PBXNativeTarget "NewsReaderUITests" */ = {
			isa = XCConfigurationList;
			buildConfigurations = (
				50CA0CF127CD4C4E00932C56 /* Debug */,
				50CA0CF227CD4C4E00932C56 /* Release */,
			);
			defaultConfigurationIsVisible = 0;
			defaultConfigurationName = Release;
		};
/* End XCConfigurationList section */
	};
	rootObject = 50CA0CB827CD4C4D00932C56 /* Project object */;
}
